
Microsoft Visual Studio Solution File, Format Version 12.00
Project("{9A19103F-16F7-4668-BE54-9A1E7A4F7556}") = "PolyPath", "PolyPath\PolyPath.csproj", "{2115215C-F15E-4812-A394-AD67F12F9486}"
EndProject
Project("{2150E333-8FDC-42A3-9474-1A3956D46DE8}") = "Examples", "Examples", "{D1B18B14-D8C3-4911-8084-79AF7EB3E156}"
EndProject
Project("{9A19103F-16F7-4668-BE54-9A1E7A4F7556}") = "ExamplesCore", "ExamplesCore\ExamplesCore.csproj", "{4CE18EA8-E939-4A51-B8A2-987E08FCACB9}"
EndProject
Project("{9A19103F-16F7-4668-BE54-9A1E7A4F7556}") = "BasicExample", "BasicExample\BasicExample.csproj", "{FCD36338-F269-43B2-B298-7D2EFAF0B090}"
EndProject
Project("{9A19103F-16F7-4668-BE54-9A1E7A4F7556}") = "ExampleAdventure", "ExampleAdventure\ExampleAdventure.csproj", "{5346F714-4A35-4D33-B09D-DC95D8E0C9BE}"
EndProject
Global
	GlobalSection(SolutionConfigurationPlatforms) = preSolution
		Debug|Any CPU = Debug|Any CPU
		Release|Any CPU = Release|Any CPU
	EndGlobalSection
	GlobalSection(ProjectConfigurationPlatforms) = postSolution
		{2115215C-F15E-4812-A394-AD67F12F9486}.Debug|Any CPU.ActiveCfg = Debug|Any CPU
		{2115215C-F15E-4812-A394-AD67F12F9486}.Debug|Any CPU.Build.0 = Debug|Any CPU
		{2115215C-F15E-4812-A394-AD67F12F9486}.Release|Any CPU.ActiveCfg = Release|Any CPU
		{2115215C-F15E-4812-A394-AD67F12F9486}.Release|Any CPU.Build.0 = Release|Any CPU
		{4CE18EA8-E939-4A51-B8A2-987E08FCACB9}.Debug|Any CPU.ActiveCfg = Debug|Any CPU
		{4CE18EA8-E939-4A51-B8A2-987E08FCACB9}.Debug|Any CPU.Build.0 = Debug|Any CPU
		{4CE18EA8-E939-4A51-B8A2-987E08FCACB9}.Release|Any CPU.ActiveCfg = Release|Any CPU
		{4CE18EA8-E939-4A51-B8A2-987E08FCACB9}.Release|Any CPU.Build.0 = Release|Any CPU
		{FCD36338-F269-43B2-B298-7D2EFAF0B090}.Debug|Any CPU.ActiveCfg = Debug|Any CPU
		{FCD36338-F269-43B2-B298-7D2EFAF0B090}.Debug|Any CPU.Build.0 = Debug|Any CPU
		{FCD36338-F269-43B2-B298-7D2EFAF0B090}.Release|Any CPU.ActiveCfg = Release|Any CPU
		{FCD36338-F269-43B2-B298-7D2EFAF0B090}.Release|Any CPU.Build.0 = Release|Any CPU
		{5346F714-4A35-4D33-B09D-DC95D8E0C9BE}.Debug|Any CPU.ActiveCfg = Debug|Any CPU
		{5346F714-4A35-4D33-B09D-DC95D8E0C9BE}.Debug|Any CPU.Build.0 = Debug|Any CPU
		{5346F714-4A35-4D33-B09D-DC95D8E0C9BE}.Release|Any CPU.ActiveCfg = Release|Any CPU
		{5346F714-4A35-4D33-B09D-DC95D8E0C9BE}.Release|Any CPU.Build.0 = Release|Any CPU
	EndGlobalSection
	GlobalSection(NestedProjects) = preSolution
		{4CE18EA8-E939-4A51-B8A2-987E08FCACB9} = {D1B18B14-D8C3-4911-8084-79AF7EB3E156}
		{FCD36338-F269-43B2-B298-7D2EFAF0B090} = {D1B18B14-D8C3-4911-8084-79AF7EB3E156}
		{5346F714-4A35-4D33-B09D-DC95D8E0C9BE} = {D1B18B14-D8C3-4911-8084-79AF7EB3E156}
	EndGlobalSection
EndGlobal
